{
  "nodes": {
    "nixpkgs": {
      "locked": {
        "lastModified": 1786087063,
        "narHash": "sha256-rnZzOymoMCkrOFsYGK80Bp6jLo3VMYtz0RpLgRs70fI=",
        "owner": "NixOS",
        "repo": "nixpkgs",
        "rev": "cf57e270b44b895e94fcce4b69c80ae5867e5d0b",
        "type": "github"
      },
      "original": {
        "owner": "NixOS",
        "repo": "nixpkgs",
        "rev": "cf57e270b44b895e94fcce4b69c80ae5867e5d0b",
        "type": "github"
      }
    },
    "root": {
      "inputs": {
        "nixpkgs": "nixpkgs"
      }
    }
  },
  "root": "root",
  "version": 7
}
